
Microsoft Visual Studio Solution File, Format Version 12.00
# Visual Studio 15
VisualStudioVersion = 15.0.27428.2027
MinimumVisualStudioVersion = 10.0.40219.1
Project("{FAE04EC0-301F-11D3-BF4B-00C04F79EFBC}") = "TicTacToe", "TicTacToe\TicTacToe.csproj", "{BFE84B12-0789-4744-9ACD-427A70C6AB67}"
EndProject
Global
	GlobalSection(SolutionConfigurationPlatforms) = preSolution
		Debug|Any CPU = Debug|Any CPU
		Release|Any CPU = Release|Any CPU
	EndGlobalSection
	GlobalSection(ProjectConfigurationPlatforms) = postSolution
		{BFE84B12-0789-4744-9ACD-427A70C6AB67}.Debug|Any CPU.ActiveCfg = Debug|Any CPU
		{BFE84B12-0789-4744-9ACD-427A70C6AB67}.Debug|Any CPU.Build.0 = Debug|Any CPU
		{BFE84B12-0789-4744-9ACD-427A70C6AB67}.Release|Any CPU.ActiveCfg = Release|Any CPU
		{BFE84B12-0789-4744-9ACD-427A70C6AB67}.Release|Any CPU.Build.0 = Release|Any CPU
	EndGlobalSection
	GlobalSection(SolutionProperties) = preSolution
		HideSolutionNode = FALSE
	EndGlobalSection
	GlobalSection(ExtensibilityGlobals) = postSolution
		SolutionGuid = {DCF7CD53-523F-4957-9C87-FC1DFC397DE1}
	EndGlobalSection
EndGlobal
